// !$*UTF8*$!
{
	archiveVersion = 1;
	classes = {
	};
	objectVersion = 39;
	objects = {
		AD3BDFED065E3F7100D1D0A5 = {
			children = (
				AD3BDFFE065E3FBB00D1D0A5,
				AD3BE001065E3FC100D1D0A5,
			);
			isa = PBXGroup;
			refType = 4;
			sourceTree = "<group>";
		};
		AD3BDFEF065E3F7100D1D0A5 = {
			buildRules = (
			);
			buildSettings = {
				COPY_PHASE_STRIP = NO;
			};
			isa = PBXBuildStyle;
			name = Development;
		};
		AD3BDFF0065E3F7100D1D0A5 = {
			buildRules = (
			);
			buildSettings = {
				COPY_PHASE_STRIP = YES;
			};
			isa = PBXBuildStyle;
			name = Deployment;
		};
		AD3BDFF1065E3F7100D1D0A5 = {
			buildSettings = {
			};
			buildStyles = (
				AD3BDFEF065E3F7100D1D0A5,
				AD3BDFF0065E3F7100D1D0A5,
			);
			hasScannedForEncodings = 1;
			isa = PBXProject;
			mainGroup = AD3BDFED065E3F7100D1D0A5;
			projectDirPath = "";
			targets = (
			);
		};
		AD3BDFF7065E3FB500D1D0A5 = {
			fileEncoding = 30;
			isa = PBXFileReference;
			lastKnownFileType = text;
			path = GNUmakefile;
			refType = 4;
			sourceTree = "<group>";
		};
		AD3BDFF8065E3FB500D1D0A5 = {
			fileEncoding = 30;
			isa = PBXFileReference;
			lastKnownFileType = text;
			path = GNUmakefile.preamble;
			refType = 4;
			sourceTree = "<group>";
		};
		AD3BDFF9065E3FB500D1D0A5 = {
			fileEncoding = 30;
			isa = PBXFileReference;
			lastKnownFileType = sourcecode.c.objc;
			path = lmail.m;
			refType = 4;
			sourceTree = "<group>";
		};
		AD3BDFFA065E3FB500D1D0A5 = {
			fileEncoding = 30;
			isa = PBXFileReference;
			lastKnownFileType = sourcecode.c.objc;
			path = lpe.m;
			refType = 4;
			sourceTree = "<group>";
		};
		AD3BDFFB065E3FB500D1D0A5 = {
			fileEncoding = 30;
			isa = PBXFileReference;
			lastKnownFileType = sourcecode.c.objc;
			path = pfinserts.m;
			refType = 4;
			sourceTree = "<group>";
		};
		AD3BDFFE065E3FBB00D1D0A5 = {
			children = (
				AD3BDFF7065E3FB500D1D0A5,
				AD3BDFF8065E3FB500D1D0A5,
			);
			isa = PBXGroup;
			name = Makefiles;
			refType = 4;
			sourceTree = "<group>";
		};
		AD3BE001065E3FC100D1D0A5 = {
			children = (
				AD3BDFF9065E3FB500D1D0A5,
				AD3BDFFA065E3FB500D1D0A5,
				AD3BDFFB065E3FB500D1D0A5,
				AD3BE020065E413D00D1D0A5,
			);
			isa = PBXGroup;
			name = Source;
			refType = 4;
			sourceTree = "<group>";
		};
		AD3BE006065E3FF500D1D0A5 = {
			explicitFileType = sourcecode.c.objc;
			fileEncoding = 4;
			isa = PBXFileReference;
			path = inserts.m;
			refType = 4;
			sourceTree = "<group>";
		};
		AD3BE020065E413D00D1D0A5 = {
			children = (
				ADFFCCE8065E6B24003E487A,
				AD3BE022065E41B300D1D0A5,
				AD3BE006065E3FF500D1D0A5,
				AD3BE021065E416500D1D0A5,
			);
			isa = PBXGroup;
			name = adaptorInserts;
			refType = 4;
			sourceTree = "<group>";
		};
		AD3BE021065E416500D1D0A5 = {
			fileEncoding = 4;
			isa = PBXFileReference;
			lastKnownFileType = text;
			path = inserts.eomodel;
			refType = 4;
			sourceTree = "<group>";
		};
		AD3BE022065E41B300D1D0A5 = {
			fileEncoding = 4;
			isa = PBXFileReference;
			lastKnownFileType = text.plist;
			path = connection.plist;
			refType = 4;
			sourceTree = "<group>";
		};
		ADFFCCDA065E6B1C003E487A = {
			fileEncoding = 4;
			isa = PBXFileReference;
			lastKnownFileType = sourcecode.c.h;
			path = "NSArray+random.h";
			refType = 4;
			sourceTree = "<group>";
		};
		ADFFCCDB065E6B1C003E487A = {
			fileEncoding = 4;
			isa = PBXFileReference;
			lastKnownFileType = sourcecode.c.objc;
			path = "NSArray+random.m";
			refType = 4;
			sourceTree = "<group>";
		};
		ADFFCCE8065E6B24003E487A = {
			children = (
				ADFFCCDA065E6B1C003E487A,
				ADFFCCDB065E6B1C003E487A,
			);
			isa = PBXGroup;
			name = Extensions;
			refType = 4;
			sourceTree = "<group>";
		};
	};
	rootObject = AD3BDFF1065E3F7100D1D0A5;
}
